
Microsoft Visual Studio Solution File, Format Version 12.00
# Visual Studio Version 17
VisualStudioVersion = 17.8.34004.107
MinimumVisualStudioVersion = 10.0.40219.1
Project("{FAE04EC0-301F-11D3-BF4B-00C04F79EFBC}") = "tapple", "tapple\tapple.csproj", "{EA64AAD0-2638-4E5B-B53E-10192B6D9F74}"
EndProject
Global
	GlobalSection(SolutionConfigurationPlatforms) = preSolution
		Debug|Any CPU = Debug|Any CPU
		Release|Any CPU = Release|Any CPU
	EndGlobalSection
	GlobalSection(ProjectConfigurationPlatforms) = postSolution
		{EA64AAD0-2638-4E5B-B53E-10192B6D9F74}.Debug|Any CPU.ActiveCfg = Debug|Any CPU
		{EA64AAD0-2638-4E5B-B53E-10192B6D9F74}.Debug|Any CPU.Build.0 = Debug|Any CPU
		{EA64AAD0-2638-4E5B-B53E-10192B6D9F74}.Release|Any CPU.ActiveCfg = Release|Any CPU
		{EA64AAD0-2638-4E5B-B53E-10192B6D9F74}.Release|Any CPU.Build.0 = Release|Any CPU
	EndGlobalSection
	GlobalSection(SolutionProperties) = preSolution
		HideSolutionNode = FALSE
	EndGlobalSection
	GlobalSection(ExtensibilityGlobals) = postSolution
		SolutionGuid = {FFCC0EA1-87BB-4F10-8EBB-20C812826E78}
	EndGlobalSection
EndGlobal
